// !$*UTF8*$!
{
	archiveVersion = 1;
	classes = {
	};
	objectVersion = 55;
	objects = {

/* Begin PBXBuildFile section */
		6B931447291BE6F600C36730 /* AppDelegate.swift in Sources */ = {isa = PBXBuildFile; fileRef = 6B931446291BE6F600C36730 /* AppDelegate.swift */; };
		6B931449291BE6F600C36730 /* SceneDelegate.swift in Sources */ = {isa = PBXBuildFile; fileRef = 6B931448291BE6F600C36730 /* SceneDelegate.swift */; };
		6B93144E291BE6F600C36730 /* Main.storyboard in Resources */ = {isa = PBXBuildFile; fileRef = 6B93144C291BE6F600C36730 /* Main.storyboard */; };
		6B931451291BE6F600C36730 /* musicApp.xcdatamodeld in Sources */ = {isa = PBXBuildFile; fileRef = 6B93144F291BE6F600C36730 /* musicApp.xcdatamodeld */; };
		6B931453291BE70200C36730 /* Assets.xcassets in Resources */ = {isa = PBXBuildFile; fileRef = 6B931452291BE70200C36730 /* Assets.xcassets */; };
		6B931456291BE70200C36730 /* LaunchScreen.storyboard in Resources */ = {isa = PBXBuildFile; fileRef = 6B931454291BE70200C36730 /* LaunchScreen.storyboard */; };
		6B931461291BE70300C36730 /* musicAppTests.swift in Sources */ = {isa = PBXBuildFile; fileRef = 6B931460291BE70300C36730 /* musicAppTests.swift */; };
		6B93146B291BE70300C36730 /* musicAppUITests.swift in Sources */ = {isa = PBXBuildFile; fileRef = 6B93146A291BE70300C36730 /* musicAppUITests.swift */; };
		6B93146D291BE70300C36730 /* musicAppUITestsLaunchTests.swift in Sources */ = {isa = PBXBuildFile; fileRef = 6B93146C291BE70300C36730 /* musicAppUITestsLaunchTests.swift */; };
		6B93148A291BF8D400C36730 /* FX Kick Builds FX_1.wav in Resources */ = {isa = PBXBuildFile; fileRef = 6B93147A291BF8D200C36730 /* FX Kick Builds FX_1.wav */; };
		6B93148B291BF8D400C36730 /* Harmony Piano Major 1 Harmony_1.wav in Resources */ = {isa = PBXBuildFile; fileRef = 6B93147B291BF8D200C36730 /* Harmony Piano Major 1 Harmony_1.wav */; };
		6B93148C291BF8D400C36730 /* Harmony Piano Minor 1 Harmony_1.wav in Resources */ = {isa = PBXBuildFile; fileRef = 6B93147C291BF8D200C36730 /* Harmony Piano Minor 1 Harmony_1.wav */; };
		6B93148D291BF8D400C36730 /* Beat Dance Off Beat_1.wav in Resources */ = {isa = PBXBuildFile; fileRef = 6B93147D291BF8D300C36730 /* Beat Dance Off Beat_1.wav */; };
		6B93148E291BF8D400C36730 /* FX Backwards Piano FX_1.wav in Resources */ = {isa = PBXBuildFile; fileRef = 6B93147E291BF8D300C36730 /* FX Backwards Piano FX_1.wav */; };
		6B93148F291BF8D400C36730 /* Harmony Piano Major 2 Harmony_1.wav in Resources */ = {isa = PBXBuildFile; fileRef = 6B93147F291BF8D300C36730 /* Harmony Piano Major 2 Harmony_1.wav */; };
		6B931490291BF8D400C36730 /* Melody String Melody 2_1.wav in Resources */ = {isa = PBXBuildFile; fileRef = 6B931480291BF8D300C36730 /* Melody String Melody 2_1.wav */; };
		6B931491291BF8D400C36730 /* Harmony Piano Major 3 Harmony_1.wav in Resources */ = {isa = PBXBuildFile; fileRef = 6B931481291BF8D300C36730 /* Harmony Piano Major 3 Harmony_1.wav */; };
		6B931492291BF8D400C36730 /* Cymbol.wav in Resources */ = {isa = PBXBuildFile; fileRef = 6B931482291BF8D300C36730 /* Cymbol.wav */; };
		6B931493291BF8D400C36730 /* Beat Only Kick Beat_1.wav in Resources */ = {isa = PBXBuildFile; fileRef = 6B931483291BF8D300C36730 /* Beat Only Kick Beat_1.wav */; };
		6B931494291BF8D400C36730 /* Melody Synth Melody 1_1.wav in Resources */ = {isa = PBXBuildFile; fileRef = 6B931484291BF8D400C36730 /* Melody Synth Melody 1_1.wav */; };
		6B931495291BF8D400C36730 /* Melody Synth Melody 2_1.wav in Resources */ = {isa = PBXBuildFile; fileRef = 6B931485291BF8D400C36730 /* Melody Synth Melody 2_1.wav */; };
		6B931496291BF8D400C36730 /* Beat Full Beat_1.wav in Resources */ = {isa = PBXBuildFile; fileRef = 6B931486291BF8D400C36730 /* Beat Full Beat_1.wav */; };
		6B931497291BF8D400C36730 /* Snare.wav in Resources */ = {isa = PBXBuildFile; fileRef = 6B931487291BF8D400C36730 /* Snare.wav */; };
		6B931498291BF8D400C36730 /* Melody String Melody 1_1.wav in Resources */ = {isa = PBXBuildFile; fileRef = 6B931488291BF8D400C36730 /* Melody String Melody 1_1.wav */; };
		6B931499291BF8D400C36730 /* Clap.wav in Resources */ = {isa = PBXBuildFile; fileRef = 6B931489291BF8D400C36730 /* Clap.wav */; };
		6B93149C291BFC1700C36730 /* ViewController.swift in Sources */ = {isa = PBXBuildFile; fileRef = 6B93149B291BFC1700C36730 /* ViewController.swift */; };
		6B9A216629200B2100481F73 /* page2ViewController.swift in Sources */ = {isa = PBXBuildFile; fileRef = 6B9A216529200B2100481F73 /* page2ViewController.swift */; };
		6B9A2168292047F800481F73 /* page3ViewController.swift in Sources */ = {isa = PBXBuildFile; fileRef = 6B9A2167292047F800481F73 /* page3ViewController.swift */; };
		6B9A216A2920482900481F73 /* page4ViewController.swift in Sources */ = {isa = PBXBuildFile; fileRef = 6B9A21692920482900481F73 /* page4ViewController.swift */; };
/* End PBXBuildFile section */

/* Begin PBXContainerItemProxy section */
		6B93145D291BE70300C36730 /* PBXContainerItemProxy */ = {
			isa = PBXContainerItemProxy;
			containerPortal = 6B93143B291BE6F600C36730 /* Project object */;
			proxyType = 1;
			remoteGlobalIDString = 6B931442291BE6F600C36730;
			remoteInfo = musicApp;
		};
		6B931467291BE70300C36730 /* PBXContainerItemProxy */ = {
			isa = PBXContainerItemProxy;
			containerPortal = 6B93143B291BE6F600C36730 /* Project object */;
			proxyType = 1;
			remoteGlobalIDString = 6B931442291BE6F600C36730;
			remoteInfo = musicApp;
		};
/* End PBXContainerItemProxy section */

/* Begin PBXFileReference section */
		6B931443291BE6F600C36730 /* musicApp.app */ = {isa = PBXFileReference; explicitFileType = wrapper.application; includeInIndex = 0; path = musicApp.app; sourceTree = BUILT_PRODUCTS_DIR; };
		6B931446291BE6F600C36730 /* AppDelegate.swift */ = {isa = PBXFileReference; lastKnownFileType = sourcecode.swift; path = AppDelegate.swift; sourceTree = "<group>"; };
		6B931448291BE6F600C36730 /* SceneDelegate.swift */ = {isa = PBXFileReference; lastKnownFileType = sourcecode.swift; path = SceneDelegate.swift; sourceTree = "<group>"; };
		6B93144D291BE6F600C36730 /* Base */ = {isa = PBXFileReference; lastKnownFileType = file.storyboard; name = Base; path = Base.lproj/Main.storyboard; sourceTree = "<group>"; };
		6B931450291BE6F600C36730 /* musicApp.xcdatamodel */ = {isa = PBXFileReference; lastKnownFileType = wrapper.xcdatamodel; path = musicApp.xcdatamodel; sourceTree = "<group>"; };
		6B931452291BE70200C36730 /* Assets.xcassets */ = {isa = PBXFileReference; lastKnownFileType = folder.assetcatalog; path = Assets.xcassets; sourceTree = "<group>"; };
		6B931455291BE70200C36730 /* Base */ = {isa = PBXFileReference; lastKnownFileType = file.storyboard; name = Base; path = Base.lproj/LaunchScreen.storyboard; sourceTree = "<group>"; };
		6B931457291BE70200C36730 /* Info.plist */ = {isa = PBXFileReference; lastKnownFileType = text.plist.xml; path = Info.plist; sourceTree = "<group>"; };
		6B93145C291BE70300C36730 /* musicAppTests.xctest */ = {isa = PBXFileReference; explicitFileType = wrapper.cfbundle; includeInIndex = 0; path = musicAppTests.xctest; sourceTree = BUILT_PRODUCTS_DIR; };
		6B931460291BE70300C36730 /* musicAppTests.swift */ = {isa = PBXFileReference; lastKnownFileType = sourcecode.swift; path = musicAppTests.swift; sourceTree = "<group>"; };
		6B931466291BE70300C36730 /* musicAppUITests.xctest */ = {isa = PBXFileReference; explicitFileType = wrapper.cfbundle; includeInIndex = 0; path = musicAppUITests.xctest; sourceTree = BUILT_PRODUCTS_DIR; };
		6B93146A291BE70300C36730 /* musicAppUITests.swift */ = {isa = PBXFileReference; lastKnownFileType = sourcecode.swift; path = musicAppUITests.swift; sourceTree = "<group>"; };
		6B93146C291BE70300C36730 /* musicAppUITestsLaunchTests.swift */ = {isa = PBXFileReference; lastKnownFileType = sourcecode.swift; path = musicAppUITestsLaunchTests.swift; sourceTree = "<group>"; };
		6B93147A291BF8D200C36730 /* FX Kick Builds FX_1.wav */ = {isa = PBXFileReference; lastKnownFileType = audio.wav; path = "FX Kick Builds FX_1.wav"; sourceTree = "<group>"; };
		6B93147B291BF8D200C36730 /* Harmony Piano Major 1 Harmony_1.wav */ = {isa = PBXFileReference; lastKnownFileType = audio.wav; path = "Harmony Piano Major 1 Harmony_1.wav"; sourceTree = "<group>"; };
		6B93147C291BF8D200C36730 /* Harmony Piano Minor 1 Harmony_1.wav */ = {isa = PBXFileReference; lastKnownFileType = audio.wav; path = "Harmony Piano Minor 1 Harmony_1.wav"; sourceTree = "<group>"; };
		6B93147D291BF8D300C36730 /* Beat Dance Off Beat_1.wav */ = {isa = PBXFileReference; lastKnownFileType = audio.wav; path = "Beat Dance Off Beat_1.wav"; sourceTree = "<group>"; };
		6B93147E291BF8D300C36730 /* FX Backwards Piano FX_1.wav */ = {isa = PBXFileReference; lastKnownFileType = audio.wav; path = "FX Backwards Piano FX_1.wav"; sourceTree = "<group>"; };
		6B93147F291BF8D300C36730 /* Harmony Piano Major 2 Harmony_1.wav */ = {isa = PBXFileReference; lastKnownFileType = audio.wav; path = "Harmony Piano Major 2 Harmony_1.wav"; sourceTree = "<group>"; };
		6B931480291BF8D300C36730 /* Melody String Melody 2_1.wav */ = {isa = PBXFileReference; lastKnownFileType = audio.wav; path = "Melody String Melody 2_1.wav"; sourceTree = "<group>"; };
		6B931481291BF8D300C36730 /* Harmony Piano Major 3 Harmony_1.wav */ = {isa = PBXFileReference; lastKnownFileType = audio.wav; path = "Harmony Piano Major 3 Harmony_1.wav"; sourceTree = "<group>"; };
		6B931482291BF8D300C36730 /* Cymbol.wav */ = {isa = PBXFileReference; lastKnownFileType = audio.wav; path = Cymbol.wav; sourceTree = "<group>"; };
		6B931483291BF8D300C36730 /* Beat Only Kick Beat_1.wav */ = {isa = PBXFileReference; lastKnownFileType = audio.wav; path = "Beat Only Kick Beat_1.wav"; sourceTree = "<group>"; };
		6B931484291BF8D400C36730 /* Melody Synth Melody 1_1.wav */ = {isa = PBXFileReference; lastKnownFileType = audio.wav; path = "Melody Synth Melody 1_1.wav"; sourceTree = "<group>"; };
		6B931485291BF8D400C36730 /* Melody Synth Melody 2_1.wav */ = {isa = PBXFileReference; lastKnownFileType = audio.wav; path = "Melody Synth Melody 2_1.wav"; sourceTree = "<group>"; };
		6B931486291BF8D400C36730 /* Beat Full Beat_1.wav */ = {isa = PBXFileReference; lastKnownFileType = audio.wav; path = "Beat Full Beat_1.wav"; sourceTree = "<group>"; };
		6B931487291BF8D400C36730 /* Snare.wav */ = {isa = PBXFileReference; lastKnownFileType = audio.wav; path = Snare.wav; sourceTree = "<group>"; };
		6B931488291BF8D400C36730 /* Melody String Melody 1_1.wav */ = {isa = PBXFileReference; lastKnownFileType = audio.wav; path = "Melody String Melody 1_1.wav"; sourceTree = "<group>"; };
		6B931489291BF8D400C36730 /* Clap.wav */ = {isa = PBXFileReference; lastKnownFileType = audio.wav; path = Clap.wav; sourceTree = "<group>"; };
		6B93149B291BFC1700C36730 /* ViewController.swift */ = {isa = PBXFileReference; lastKnownFileType = sourcecode.swift; path = ViewController.swift; sourceTree = "<group>"; };
		6B9A216529200B2100481F73 /* page2ViewController.swift */ = {isa = PBXFileReference; lastKnownFileType = sourcecode.swift; path = page2ViewController.swift; sourceTree = "<group>"; };
		6B9A2167292047F800481F73 /* page3ViewController.swift */ = {isa = PBXFileReference; lastKnownFileType = sourcecode.swift; path = page3ViewController.swift; sourceTree = "<group>"; };
		6B9A21692920482900481F73 /* page4ViewController.swift */ = {isa = PBXFileReference; lastKnownFileType = sourcecode.swift; path = page4ViewController.swift; sourceTree = "<group>"; };
/* End PBXFileReference section */

/* Begin PBXFrameworksBuildPhase section */
		6B931440291BE6F600C36730 /* Frameworks */ = {
			isa = PBXFrameworksBuildPhase;
			buildActionMask = 2147483647;
			files = (
			);
			runOnlyForDeploymentPostprocessing = 0;
		};
		6B931459291BE70300C36730 /* Frameworks */ = {
			isa = PBXFrameworksBuildPhase;
			buildActionMask = 2147483647;
			files = (
			);
			runOnlyForDeploymentPostprocessing = 0;
		};
		6B931463291BE70300C36730 /* Frameworks */ = {
			isa = PBXFrameworksBuildPhase;
			buildActionMask = 2147483647;
			files = (
			);
			runOnlyForDeploymentPostprocessing = 0;
		};
/* End PBXFrameworksBuildPhase section */

/* Begin PBXGroup section */
		6B299392291EA65300E51AE3 /* drums */ = {
			isa = PBXGroup;
			children = (
				6B931489291BF8D400C36730 /* Clap.wav */,
				6B931483291BF8D300C36730 /* Beat Only Kick Beat_1.wav */,
				6B931482291BF8D300C36730 /* Cymbol.wav */,
				6B931487291BF8D400C36730 /* Snare.wav */,
			);
			path = drums;
			sourceTree = "<group>";
		};
		6B299393291EA66A00E51AE3 /* melody */ = {
			isa = PBXGroup;
			children = (
				6B931488291BF8D400C36730 /* Melody String Melody 1_1.wav */,
				6B931480291BF8D300C36730 /* Melody String Melody 2_1.wav */,
				6B931484291BF8D400C36730 /* Melody Synth Melody 1_1.wav */,
				6B931485291BF8D400C36730 /* Melody Synth Melody 2_1.wav */,
			);
			path = melody;
			sourceTree = "<group>";
		};
		6B299394291EA68800E51AE3 /* piano harmony */ = {
			isa = PBXGroup;
			children = (
				6B93147B291BF8D200C36730 /* Harmony Piano Major 1 Harmony_1.wav */,
				6B93147F291BF8D300C36730 /* Harmony Piano Major 2 Harmony_1.wav */,
				6B931481291BF8D300C36730 /* Harmony Piano Major 3 Harmony_1.wav */,
				6B93147C291BF8D200C36730 /* Harmony Piano Minor 1 Harmony_1.wav */,
			);
			path = "piano harmony";
			sourceTree = "<group>";
		};
		6B299395291EA69A00E51AE3 /* others */ = {
			isa = PBXGroup;
			children = (
				6B93147D291BF8D300C36730 /* Beat Dance Off Beat_1.wav */,
				6B931486291BF8D400C36730 /* Beat Full Beat_1.wav */,
				6B93147E291BF8D300C36730 /* FX Backwards Piano FX_1.wav */,
				6B93147A291BF8D200C36730 /* FX Kick Builds FX_1.wav */,
			);
			path = others;
			sourceTree = "<group>";
		};
		6B93143A291BE6F600C36730 = {
			isa = PBXGroup;
			children = (
				6B931445291BE6F600C36730 /* musicApp */,
				6B93145F291BE70300C36730 /* musicAppTests */,
				6B931469291BE70300C36730 /* musicAppUITests */,
				6B931444291BE6F600C36730 /* Products */,
			);
			sourceTree = "<group>";
		};
		6B931444291BE6F600C36730 /* Products */ = {
			isa = PBXGroup;
			children = (
				6B931443291BE6F600C36730 /* musicApp.app */,
				6B93145C291BE70300C36730 /* musicAppTests.xctest */,
				6B931466291BE70300C36730 /* musicAppUITests.xctest */,
			);
			name = Products;
			sourceTree = "<group>";
		};
		6B931445291BE6F600C36730 /* musicApp */ = {
			isa = PBXGroup;
			children = (
				6B931446291BE6F600C36730 /* AppDelegate.swift */,
				6B931448291BE6F600C36730 /* SceneDelegate.swift */,
				6B93149A291BF8F200C36730 /* view controllers */,
				6B93144C291BE6F600C36730 /* Main.storyboard */,
				6B931452291BE70200C36730 /* Assets.xcassets */,
				6B931479291BF8C200C36730 /* sounds */,
				6B931454291BE70200C36730 /* LaunchScreen.storyboard */,
				6B931457291BE70200C36730 /* Info.plist */,
				6B93144F291BE6F600C36730 /* musicApp.xcdatamodeld */,
			);
			path = musicApp;
			sourceTree = "<group>";
		};
		6B93145F291BE70300C36730 /* musicAppTests */ = {
			isa = PBXGroup;
			children = (
				6B931460291BE70300C36730 /* musicAppTests.swift */,
			);
			path = musicAppTests;
			sourceTree = "<group>";
		};
		6B931469291BE70300C36730 /* musicAppUITests */ = {
			isa = PBXGroup;
			children = (
				6B93146A291BE70300C36730 /* musicAppUITests.swift */,
				6B93146C291BE70300C36730 /* musicAppUITestsLaunchTests.swift */,
			);
			path = musicAppUITests;
			sourceTree = "<group>";
		};
		6B931479291BF8C200C36730 /* sounds */ = {
			isa = PBXGroup;
			children = (
				6B299395291EA69A00E51AE3 /* others */,
				6B299394291EA68800E51AE3 /* piano harmony */,
				6B299393291EA66A00E51AE3 /* melody */,
				6B299392291EA65300E51AE3 /* drums */,
			);
			path = sounds;
			sourceTree = "<group>";
		};
		6B93149A291BF8F200C36730 /* view controllers */ = {
			isa = PBXGroup;
			children = (
				6B93149B291BFC1700C36730 /* ViewController.swift */,
				6B9A216529200B2100481F73 /* page2ViewController.swift */,
				6B9A2167292047F800481F73 /* page3ViewController.swift */,
				6B9A21692920482900481F73 /* page4ViewController.swift */,
			);
			path = "view controllers";
			sourceTree = "<group>";
		};
/* End PBXGroup section */

/* Begin PBXNativeTarget section */
		6B931442291BE6F600C36730 /* musicApp */ = {
			isa = PBXNativeTarget;
			buildConfigurationList = 6B931470291BE70300C36730 /* Build configuration list for PBXNativeTarget "musicApp" */;
			buildPhases = (
				6B93143F291BE6F600C36730 /* Sources */,
				6B931440291BE6F600C36730 /* Frameworks */,
				6B931441291BE6F600C36730 /* Resources */,
			);
			buildRules = (
			);
			dependencies = (
			);
			name = musicApp;
			productName = musicApp;
			productReference = 6B931443291BE6F600C36730 /* musicApp.app */;
			productType = "com.apple.product-type.application";
		};
		6B93145B291BE70300C36730 /* musicAppTests */ = {
			isa = PBXNativeTarget;
			buildConfigurationList = 6B931473291BE70300C36730 /* Build configuration list for PBXNativeTarget "musicAppTests" */;
			buildPhases = (
				6B931458291BE70300C36730 /* Sources */,
				6B931459291BE70300C36730 /* Frameworks */,
				6B93145A291BE70300C36730 /* Resources */,
			);
			buildRules = (
			);
			dependencies = (
				6B93145E291BE70300C36730 /* PBXTargetDependency */,
			);
			name = musicAppTests;
			productName = musicAppTests;
			productReference = 6B93145C291BE70300C36730 /* musicAppTests.xctest */;
			productType = "com.apple.product-type.bundle.unit-test";
		};
		6B931465291BE70300C36730 /* musicAppUITests */ = {
			isa = PBXNativeTarget;
			buildConfigurationList = 6B931476291BE70300C36730 /* Build configuration list for PBXNativeTarget "musicAppUITests" */;
			buildPhases = (
				6B931462291BE70300C36730 /* Sources */,
				6B931463291BE70300C36730 /* Frameworks */,
				6B931464291BE70300C36730 /* Resources */,
			);
			buildRules = (
			);
			dependencies = (
				6B931468291BE70300C36730 /* PBXTargetDependency */,
			);
			name = musicAppUITests;
			productName = musicAppUITests;
			productReference = 6B931466291BE70300C36730 /* musicAppUITests.xctest */;
			productType = "com.apple.product-type.bundle.ui-testing";
		};
/* End PBXNativeTarget section */

/* Begin PBXProject section */
		6B93143B291BE6F600C36730 /* Project object */ = {
			isa = PBXProject;
			attributes = {
				BuildIndependentTargetsInParallel = 1;
				LastSwiftUpdateCheck = 1340;
				LastUpgradeCheck = 1340;
				TargetAttributes = {
					6B931442291BE6F600C36730 = {
						CreatedOnToolsVersion = 13.4.1;
					};
					6B93145B291BE70300C36730 = {
						CreatedOnToolsVersion = 13.4.1;
						TestTargetID = 6B931442291BE6F600C36730;
					};
					6B931465291BE70300C36730 = {
						CreatedOnToolsVersion = 13.4.1;
						TestTargetID = 6B931442291BE6F600C36730;
					};
				};
			};
			buildConfigurationList = 6B93143E291BE6F600C36730 /* Build configuration list for PBXProject "musicApp" */;
			compatibilityVersion = "Xcode 13.0";
			developmentRegion = en;
			hasScannedForEncodings = 0;
			knownRegions = (
				en,
				Base,
			);
			mainGroup = 6B93143A291BE6F600C36730;
			productRefGroup = 6B931444291BE6F600C36730 /* Products */;
			projectDirPath = "";
			projectRoot = "";
			targets = (
				6B931442291BE6F600C36730 /* musicApp */,
				6B93145B291BE70300C36730 /* musicAppTests */,
				6B931465291BE70300C36730 /* musicAppUITests */,
			);
		};
/* End PBXProject section */

/* Begin PBXResourcesBuildPhase section */
		6B931441291BE6F600C36730 /* Resources */ = {
			isa = PBXResourcesBuildPhase;
			buildActionMask = 2147483647;
			files = (
				6B931492291BF8D400C36730 /* Cymbol.wav in Resources */,
				6B93148A291BF8D400C36730 /* FX Kick Builds FX_1.wav in Resources */,
				6B931456291BE70200C36730 /* LaunchScreen.storyboard in Resources */,
				6B93148B291BF8D400C36730 /* Harmony Piano Major 1 Harmony_1.wav in Resources */,
				6B931453291BE70200C36730 /* Assets.xcassets in Resources */,
				6B93148E291BF8D400C36730 /* FX Backwards Piano FX_1.wav in Resources */,
				6B931490291BF8D400C36730 /* Melody String Melody 2_1.wav in Resources */,
				6B93148C291BF8D400C36730 /* Harmony Piano Minor 1 Harmony_1.wav in Resources */,
				6B931498291BF8D400C36730 /* Melody String Melody 1_1.wav in Resources */,
				6B93144E291BE6F600C36730 /* Main.storyboard in Resources */,
				6B931495291BF8D400C36730 /* Melody Synth Melody 2_1.wav in Resources */,
				6B931491291BF8D400C36730 /* Harmony Piano Major 3 Harmony_1.wav in Resources */,
				6B931496291BF8D400C36730 /* Beat Full Beat_1.wav in Resources */,
				6B931493291BF8D400C36730 /* Beat Only Kick Beat_1.wav in Resources */,
				6B93148D291BF8D400C36730 /* Beat Dance Off Beat_1.wav in Resources */,
				6B931497291BF8D400C36730 /* Snare.wav in Resources */,
				6B931494291BF8D400C36730 /* Melody Synth Melody 1_1.wav in Resources */,
				6B931499291BF8D400C36730 /* Clap.wav in Resources */,
				6B93148F291BF8D400C36730 /* Harmony Piano Major 2 Harmony_1.wav in Resources */,
			);
			runOnlyForDeploymentPostprocessing = 0;
		};
		6B93145A291BE70300C36730 /* Resources */ = {
			isa = PBXResourcesBuildPhase;
			buildActionMask = 2147483647;
			files = (
			);
			runOnlyForDeploymentPostprocessing = 0;
		};
		6B931464291BE70300C36730 /* Resources */ = {
			isa = PBXResourcesBuildPhase;
			buildActionMask = 2147483647;
			files = (
			);
			runOnlyForDeploymentPostprocessing = 0;
		};
/* End PBXResourcesBuildPhase section */

/* Begin PBXSourcesBuildPhase section */
		6B93143F291BE6F600C36730 /* Sources */ = {
			isa = PBXSourcesBuildPhase;
			buildActionMask = 2147483647;
			files = (
				6B9A216629200B2100481F73 /* page2ViewController.swift in Sources */,
				6B931447291BE6F600C36730 /* AppDelegate.swift in Sources */,
				6B931449291BE6F600C36730 /* SceneDelegate.swift in Sources */,
				6B93149C291BFC1700C36730 /* ViewController.swift in Sources */,
				6B9A216A2920482900481F73 /* page4ViewController.swift in Sources */,
				6B931451291BE6F600C36730 /* musicApp.xcdatamodeld in Sources */,
				6B9A2168292047F800481F73 /* page3ViewController.swift in Sources */,
			);
			runOnlyForDeploymentPostprocessing = 0;
		};
		6B931458291BE70300C36730 /* Sources */ = {
			isa = PBXSourcesBuildPhase;
			buildActionMask = 2147483647;
			files = (
				6B931461291BE70300C36730 /* musicAppTests.swift in Sources */,
			);
			runOnlyForDeploymentPostprocessing = 0;
		};
		6B931462291BE70300C36730 /* Sources */ = {
			isa = PBXSourcesBuildPhase;
			buildActionMask = 2147483647;
			files = (
				6B93146D291BE70300C36730 /* musicAppUITestsLaunchTests.swift in Sources */,
				6B93146B291BE70300C36730 /* musicAppUITests.swift in Sources */,
			);
			runOnlyForDeploymentPostprocessing = 0;
		};
/* End PBXSourcesBuildPhase section */

/* Begin PBXTargetDependency section */
		6B93145E291BE70300C36730 /* PBXTargetDependency */ = {
			isa = PBXTargetDependency;
			target = 6B931442291BE6F600C36730 /* musicApp */;
			targetProxy = 6B93145D291BE70300C36730 /* PBXContainerItemProxy */;
		};
		6B931468291BE70300C36730 /* PBXTargetDependency */ = {
			isa = PBXTargetDependency;
			target = 6B931442291BE6F600C36730 /* musicApp */;
			targetProxy = 6B931467291BE70300C36730 /* PBXContainerItemProxy */;
		};
/* End PBXTargetDependency section */

/* Begin PBXVariantGroup section */
		6B93144C291BE6F600C36730 /* Main.storyboard */ = {
			isa = PBXVariantGroup;
			children = (
				6B93144D291BE6F600C36730 /* Base */,
			);
			name = Main.storyboard;
			sourceTree = "<group>";
		};
		6B931454291BE70200C36730 /* LaunchScreen.storyboard */ = {
			isa = PBXVariantGroup;
			children = (
				6B931455291BE70200C36730 /* Base */,
			);
			name = LaunchScreen.storyboard;
			sourceTree = "<group>";
		};
/* End PBXVariantGroup section */

/* Begin XCBuildConfiguration section */
		6B93146E291BE70300C36730 /* Debug */ = {
			isa = XCBuildConfiguration;
			buildSettings = {
				ALWAYS_SEARCH_USER_PATHS = NO;
				CLANG_ANALYZER_NONNULL = YES;
				CLANG_ANALYZER_NUMBER_OBJECT_CONVERSION = YES_AGGRESSIVE;
				CLANG_CXX_LANGUAGE_STANDARD = "gnu++17";
				CLANG_ENABLE_MODULES = YES;
				CLANG_ENABLE_OBJC_ARC = YES;
				CLANG_ENABLE_OBJC_WEAK = YES;
				CLANG_WARN_BLOCK_CAPTURE_AUTORELEASING = YES;
				CLANG_WARN_BOOL_CONVERSION = YES;
				CLANG_WARN_COMMA = YES;
				CLANG_WARN_CONSTANT_CONVERSION = YES;
				CLANG_WARN_DEPRECATED_OBJC_IMPLEMENTATIONS = YES;
				CLANG_WARN_DIRECT_OBJC_ISA_USAGE = YES_ERROR;
				CLANG_WARN_DOCUMENTATION_COMMENTS = YES;
				CLANG_WARN_EMPTY_BODY = YES;
				CLANG_WARN_ENUM_CONVERSION = YES;
				CLANG_WARN_INFINITE_RECURSION = YES;
				CLANG_WARN_INT_CONVERSION = YES;
				CLANG_WARN_NON_LITERAL_NULL_CONVERSION = YES;
				CLANG_WARN_OBJC_IMPLICIT_RETAIN_SELF = YES;
				CLANG_WARN_OBJC_LITERAL_CONVERSION = YES;
				CLANG_WARN_OBJC_ROOT_CLASS = YES_ERROR;
				CLANG_WARN_QUOTED_INCLUDE_IN_FRAMEWORK_HEADER = YES;
				CLANG_WARN_RANGE_LOOP_ANALYSIS = YES;
				CLANG_WARN_STRICT_PROTOTYPES = YES;
				CLANG_WARN_SUSPICIOUS_MOVE = YES;
				CLANG_WARN_UNGUARDED_AVAILABILITY = YES_AGGRESSIVE;
				CLANG_WARN_UNREACHABLE_CODE = YES;
				CLANG_WARN__DUPLICATE_METHOD_MATCH = YES;
				COPY_PHASE_STRIP = NO;
				DEBUG_INFORMATION_FORMAT = dwarf;
				ENABLE_STRICT_OBJC_MSGSEND = YES;
				ENABLE_TESTABILITY = YES;
				GCC_C_LANGUAGE_STANDARD = gnu11;
				GCC_DYNAMIC_NO_PIC = NO;
				GCC_NO_COMMON_BLOCKS = YES;
				GCC_OPTIMIZATION_LEVEL = 0;
				GCC_PREPROCESSOR_DEFINITIONS = (
					"DEBUG=1",
					"$(inherited)",
				);
				GCC_WARN_64_TO_32_BIT_CONVERSION = YES;
				GCC_WARN_ABOUT_RETURN_TYPE = YES_ERROR;
				GCC_WARN_UNDECLARED_SELECTOR = YES;
				GCC_WARN_UNINITIALIZED_AUTOS = YES_AGGRESSIVE;
				GCC_WARN_UNUSED_FUNCTION = YES;
				GCC_WARN_UNUSED_VARIABLE = YES;
				IPHONEOS_DEPLOYMENT_TARGET = 15.5;
				MTL_ENABLE_DEBUG_INFO = INCLUDE_SOURCE;
				MTL_FAST_MATH = YES;
				ONLY_ACTIVE_ARCH = YES;
				SDKROOT = iphoneos;
				SWIFT_ACTIVE_COMPILATION_CONDITIONS = DEBUG;
				SWIFT_OPTIMIZATION_LEVEL = "-Onone";
			};
			name = Debug;
		};
		6B93146F291BE70300C36730 /* Release */ = {
			isa = XCBuildConfiguration;
			buildSettings = {
				ALWAYS_SEARCH_USER_PATHS = NO;
				CLANG_ANALYZER_NONNULL = YES;
				CLANG_ANALYZER_NUMBER_OBJECT_CONVERSION = YES_AGGRESSIVE;
				CLANG_CXX_LANGUAGE_STANDARD = "gnu++17";
				CLANG_ENABLE_MODULES = YES;
				CLANG_ENABLE_OBJC_ARC = YES;
				CLANG_ENABLE_OBJC_WEAK = YES;
				CLANG_WARN_BLOCK_CAPTURE_AUTORELEASING = YES;
				CLANG_WARN_BOOL_CONVERSION = YES;
				CLANG_WARN_COMMA = YES;
				CLANG_WARN_CONSTANT_CONVERSION = YES;
				CLANG_WARN_DEPRECATED_OBJC_IMPLEMENTATIONS = YES;
				CLANG_WARN_DIRECT_OBJC_ISA_USAGE = YES_ERROR;
				CLANG_WARN_DOCUMENTATION_COMMENTS = YES;
				CLANG_WARN_EMPTY_BODY = YES;
				CLANG_WARN_ENUM_CONVERSION = YES;
				CLANG_WARN_INFINITE_RECURSION = YES;
				CLANG_WARN_INT_CONVERSION = YES;
				CLANG_WARN_NON_LITERAL_NULL_CONVERSION = YES;
				CLANG_WARN_OBJC_IMPLICIT_RETAIN_SELF = YES;
				CLANG_WARN_OBJC_LITERAL_CONVERSION = YES;
				CLANG_WARN_OBJC_ROOT_CLASS = YES_ERROR;
				CLANG_WARN_QUOTED_INCLUDE_IN_FRAMEWORK_HEADER = YES;
				CLANG_WARN_RANGE_LOOP_ANALYSIS = YES;
				CLANG_WARN_STRICT_PROTOTYPES = YES;
				CLANG_WARN_SUSPICIOUS_MOVE = YES;
				CLANG_WARN_UNGUARDED_AVAILABILITY = YES_AGGRESSIVE;
				CLANG_WARN_UNREACHABLE_CODE = YES;
				CLANG_WARN__DUPLICATE_METHOD_MATCH = YES;
				COPY_PHASE_STRIP = NO;
				DEBUG_INFORMATION_FORMAT = "dwarf-with-dsym";
				ENABLE_NS_ASSERTIONS = NO;
				ENABLE_STRICT_OBJC_MSGSEND = YES;
				GCC_C_LANGUAGE_STANDARD = gnu11;
				GCC_NO_COMMON_BLOCKS = YES;
				GCC_WARN_64_TO_32_BIT_CONVERSION = YES;
				GCC_WARN_ABOUT_RETURN_TYPE = YES_ERROR;
				GCC_WARN_UNDECLARED_SELECTOR = YES;
				GCC_WARN_UNINITIALIZED_AUTOS = YES_AGGRESSIVE;
				GCC_WARN_UNUSED_FUNCTION = YES;
				GCC_WARN_UNUSED_VARIABLE = YES;
				IPHONEOS_DEPLOYMENT_TARGET = 15.5;
				MTL_ENABLE_DEBUG_INFO = NO;
				MTL_FAST_MATH = YES;
				SDKROOT = iphoneos;
				SWIFT_COMPILATION_MODE = wholemodule;
				SWIFT_OPTIMIZATION_LEVEL = "-O";
				VALIDATE_PRODUCT = YES;
			};
			name = Release;
		};
		6B931471291BE70300C36730 /* Debug */ = {
			isa = XCBuildConfiguration;
			buildSettings = {
				ASSETCATALOG_COMPILER_APPICON_NAME = AppIcon;
				ASSETCATALOG_COMPILER_GLOBAL_ACCENT_COLOR_NAME = AccentColor;
				CODE_SIGN_STYLE = Automatic;
				CURRENT_PROJECT_VERSION = 1;
				GENERATE_INFOPLIST_FILE = YES;
				INFOPLIST_FILE = musicApp/Info.plist;
				INFOPLIST_KEY_UIApplicationSupportsIndirectInputEvents = YES;
				INFOPLIST_KEY_UILaunchStoryboardName = LaunchScreen;
				INFOPLIST_KEY_UIMainStoryboardFile = Main;
				INFOPLIST_KEY_UISupportedInterfaceOrientations_iPad = "UIInterfaceOrientationPortrait UIInterfaceOrientationPortraitUpsideDown UIInterfaceOrientationLandscapeLeft UIInterfaceOrientationLandscapeRight";
				INFOPLIST_KEY_UISupportedInterfaceOrientations_iPhone = "UIInterfaceOrientationPortrait UIInterfaceOrientationLandscapeLeft UIInterfaceOrientationLandscapeRight";
				LD_RUNPATH_SEARCH_PATHS = (
					"$(inherited)",
					"@executable_path/Frameworks",
				);
				MARKETING_VERSION = 1.0;
				PRODUCT_BUNDLE_IDENTIFIER = krishna.musicApp;
				PRODUCT_NAME = "$(TARGET_NAME)";
				SWIFT_EMIT_LOC_STRINGS = YES;
				SWIFT_VERSION = 5.0;
				TARGETED_DEVICE_FAMILY = "1,2";
			};
			name = Debug;
		};
		6B931472291BE70300C36730 /* Release */ = {
			isa = XCBuildConfiguration;
			buildSettings = {
				ASSETCATALOG_COMPILER_APPICON_NAME = AppIcon;
				ASSETCATALOG_COMPILER_GLOBAL_ACCENT_COLOR_NAME = AccentColor;
				CODE_SIGN_STYLE = Automatic;
				CURRENT_PROJECT_VERSION = 1;
				GENERATE_INFOPLIST_FILE = YES;
				INFOPLIST_FILE = musicApp/Info.plist;
				INFOPLIST_KEY_UIApplicationSupportsIndirectInputEvents = YES;
				INFOPLIST_KEY_UILaunchStoryboardName = LaunchScreen;
				INFOPLIST_KEY_UIMainStoryboardFile = Main;
				INFOPLIST_KEY_UISupportedInterfaceOrientations_iPad = "UIInterfaceOrientationPortrait UIInterfaceOrientationPortraitUpsideDown UIInterfaceOrientationLandscapeLeft UIInterfaceOrientationLandscapeRight";
				INFOPLIST_KEY_UISupportedInterfaceOrientations_iPhone = "UIInterfaceOrientationPortrait UIInterfaceOrientationLandscapeLeft UIInterfaceOrientationLandscapeRight";
				LD_RUNPATH_SEARCH_PATHS = (
					"$(inherited)",
					"@executable_path/Frameworks",
				);
				MARKETING_VERSION = 1.0;
				PRODUCT_BUNDLE_IDENTIFIER = krishna.musicApp;
				PRODUCT_NAME = "$(TARGET_NAME)";
				SWIFT_EMIT_LOC_STRINGS = YES;
				SWIFT_VERSION = 5.0;
				TARGETED_DEVICE_FAMILY = "1,2";
			};
			name = Release;
		};
		6B931474291BE70300C36730 /* Debug */ = {
			isa = XCBuildConfiguration;
			buildSettings = {
				ALWAYS_EMBED_SWIFT_STANDARD_LIBRARIES = YES;
				BUNDLE_LOADER = "$(TEST_HOST)";
				CODE_SIGN_STYLE = Automatic;
				CURRENT_PROJECT_VERSION = 1;
				GENERATE_INFOPLIST_FILE = YES;
				IPHONEOS_DEPLOYMENT_TARGET = 15.5;
				MARKETING_VERSION = 1.0;
				PRODUCT_BUNDLE_IDENTIFIER = krishna.musicAppTests;
				PRODUCT_NAME = "$(TARGET_NAME)";
				SWIFT_EMIT_LOC_STRINGS = NO;
				SWIFT_VERSION = 5.0;
				TARGETED_DEVICE_FAMILY = "1,2";
				TEST_HOST = "$(BUILT_PRODUCTS_DIR)/musicApp.app/musicApp";
			};
			name = Debug;
		};
		6B931475291BE70300C36730 /* Release */ = {
			isa = XCBuildConfiguration;
			buildSettings = {
				ALWAYS_EMBED_SWIFT_STANDARD_LIBRARIES = YES;
				BUNDLE_LOADER = "$(TEST_HOST)";
				CODE_SIGN_STYLE = Automatic;
				CURRENT_PROJECT_VERSION = 1;
				GENERATE_INFOPLIST_FILE = YES;
				IPHONEOS_DEPLOYMENT_TARGET = 15.5;
				MARKETING_VERSION = 1.0;
				PRODUCT_BUNDLE_IDENTIFIER = krishna.musicAppTests;
				PRODUCT_NAME = "$(TARGET_NAME)";
				SWIFT_EMIT_LOC_STRINGS = NO;
				SWIFT_VERSION = 5.0;
				TARGETED_DEVICE_FAMILY = "1,2";
				TEST_HOST = "$(BUILT_PRODUCTS_DIR)/musicApp.app/musicApp";
			};
			name = Release;
		};
		6B931477291BE70300C36730 /* Debug */ = {
			isa = XCBuildConfiguration;
			buildSettings = {
				ALWAYS_EMBED_SWIFT_STANDARD_LIBRARIES = YES;
				CODE_SIGN_STYLE = Automatic;
				CURRENT_PROJECT_VERSION = 1;
				GENERATE_INFOPLIST_FILE = YES;
				MARKETING_VERSION = 1.0;
				PRODUCT_BUNDLE_IDENTIFIER = krishna.musicAppUITests;
				PRODUCT_NAME = "$(TARGET_NAME)";
				SWIFT_EMIT_LOC_STRINGS = NO;
				SWIFT_VERSION = 5.0;
				TARGETED_DEVICE_FAMILY = "1,2";
				TEST_TARGET_NAME = musicApp;
			};
			name = Debug;
		};
		6B931478291BE70300C36730 /* Release */ = {
			isa = XCBuildConfiguration;
			buildSettings = {
				ALWAYS_EMBED_SWIFT_STANDARD_LIBRARIES = YES;
				CODE_SIGN_STYLE = Automatic;
				CURRENT_PROJECT_VERSION = 1;
				GENERATE_INFOPLIST_FILE = YES;
				MARKETING_VERSION = 1.0;
				PRODUCT_BUNDLE_IDENTIFIER = krishna.musicAppUITests;
				PRODUCT_NAME = "$(TARGET_NAME)";
				SWIFT_EMIT_LOC_STRINGS = NO;
				SWIFT_VERSION = 5.0;
				TARGETED_DEVICE_FAMILY = "1,2";
				TEST_TARGET_NAME = musicApp;
			};
			name = Release;
		};
/* End XCBuildConfiguration section */

/* Begin XCConfigurationList section */
		6B93143E291BE6F600C36730 /* Build configuration list for PBXProject "musicApp" */ = {
			isa = XCConfigurationList;
			buildConfigurations = (
				6B93146E291BE70300C36730 /* Debug */,
				6B93146F291BE70300C36730 /* Release */,
			);
			defaultConfigurationIsVisible = 0;
			defaultConfigurationName = Release;
		};
		6B931470291BE70300C36730 /* Build configuration list for PBXNativeTarget "musicApp" */ = {
			isa = XCConfigurationList;
			buildConfigurations = (
				6B931471291BE70300C36730 /* Debug */,
				6B931472291BE70300C36730 /* Release */,
			);
			defaultConfigurationIsVisible = 0;
			defaultConfigurationName = Release;
		};
		6B931473291BE70300C36730 /* Build configuration list for PBXNativeTarget "musicAppTests" */ = {
			isa = XCConfigurationList;
			buildConfigurations = (
				6B931474291BE70300C36730 /* Debug */,
				6B931475291BE70300C36730 /* Release */,
			);
			defaultConfigurationIsVisible = 0;
			defaultConfigurationName = Release;
		};
		6B931476291BE70300C36730 /* Build configuration list for PBXNativeTarget "musicAppUITests" */ = {
			isa = XCConfigurationList;
			buildConfigurations = (
				6B931477291BE70300C36730 /* Debug */,
				6B931478291BE70300C36730 /* Release */,
			);
			defaultConfigurationIsVisible = 0;
			defaultConfigurationName = Release;
		};
/* End XCConfigurationList section */

/* Begin XCVersionGroup section */
		6B93144F291BE6F600C36730 /* musicApp.xcdatamodeld */ = {
			isa = XCVersionGroup;
			children = (
				6B931450291BE6F600C36730 /* musicApp.xcdatamodel */,
			);
			currentVersion = 6B931450291BE6F600C36730 /* musicApp.xcdatamodel */;
			path = musicApp.xcdatamodeld;
			sourceTree = "<group>";
			versionGroupType = wrapper.xcdatamodel;
		};
/* End XCVersionGroup section */
	};
	rootObject = 6B93143B291BE6F600C36730 /* Project object */;
}
